# GENERATED FILE - DO NOT EDIT DIRECTLY
schema_version: 1

bundle:
  version: "0.9.24"
  release_sequence: 79
  source_tree_digest: "sha256:921ee3191bc61d3ef99c7c0bd7a6b893a6df35610c65c3be10e979aef20cff73"
  digest: "sha256:51edfc3ed4ecd84def6755ad921c9845e16b2ecd8cbd5a8a6868f9c454edc6b9"
  attestation_identity_digest: "sha256:a0bc45ec7864d753bab99bf690fe22eb327bf1f14fd53d946779e50df3f76f9b"

projection:
  input_digest: "sha256:b3d78ead391765b1b4bbeedf7cb8b03c0eb5b3aecd4dcb8f479444525501fcdb"
  output_digest: "sha256:4f28945f8ef65d70b4ef1db98c6a261d34429f49fd80531d46a290f23a28aed9"
  files:
    - path: ".gds/compiled-policy.json"
      digest: "sha256:2e4a05134e938331d710aaa72ddac709123215a891f425cfea69626f3a42e881"
